
Microsoft Visual Studio Solution File, Format Version 12.00
# Visual Studio Version 17
VisualStudioVersion = 17.13.35919.96 d17.13
MinimumVisualStudioVersion = 10.0.40219.1
Project("{8BC9CEB8-8B4A-11D0-8D11-00A0C91BC942}") = "vs_gui", "vs_gui.vcxproj", "{C1190073-B02B-42FB-8FF2-42464D0A87BA}"
EndProject
Global
	GlobalSection(SolutionConfigurationPlatforms) = preSolution
		Debug|x64 = Debug|x64
		Debug|x86 = Debug|x86
		Release|x64 = Release|x64
		Release|x86 = Release|x86
	EndGlobalSection
	GlobalSection(ProjectConfigurationPlatforms) = postSolution
		{C1190073-B02B-42FB-8FF2-42464D0A87BA}.Debug|x64.ActiveCfg = Debug|x64
		{C1190073-B02B-42FB-8FF2-42464D0A87BA}.Debug|x64.Build.0 = Debug|x64
		{C1190073-B02B-42FB-8FF2-42464D0A87BA}.Debug|x86.ActiveCfg = Debug|Win32
		{C1190073-B02B-42FB-8FF2-42464D0A87BA}.Debug|x86.Build.0 = Debug|Win32
		{C1190073-B02B-42FB-8FF2-42464D0A87BA}.Release|x64.ActiveCfg = Release|x64
		{C1190073-B02B-42FB-8FF2-42464D0A87BA}.Release|x64.Build.0 = Release|x64
		{C1190073-B02B-42FB-8FF2-42464D0A87BA}.Release|x86.ActiveCfg = Release|Win32
		{C1190073-B02B-42FB-8FF2-42464D0A87BA}.Release|x86.Build.0 = Release|Win32
	EndGlobalSection
	GlobalSection(SolutionProperties) = preSolution
		HideSolutionNode = FALSE
	EndGlobalSection
	GlobalSection(ExtensibilityGlobals) = postSolution
		SolutionGuid = {D3639D32-D0E3-49CD-BA49-4B03323ECDDC}
	EndGlobalSection
EndGlobal
